// !$*UTF8*$!
{
	archiveVersion = 1;
	classes = {
	};
	objectVersion = 56;
	objects = {

/* Begin PBXBuildFile section */
		50499A3E299ADB4200FD768C /* JourneyApp.swift in Sources */ = {isa = PBXBuildFile; fileRef = 50499A3D299ADB4200FD768C /* JourneyApp.swift */; };
		50499A40299ADB4200FD768C /* ContentView.swift in Sources */ = {isa = PBXBuildFile; fileRef = 50499A3F299ADB4200FD768C /* ContentView.swift */; };
		50499A42299ADB4200FD768C /* Assets.xcassets in Resources */ = {isa = PBXBuildFile; fileRef = 50499A41299ADB4200FD768C /* Assets.xcassets */; };
		50499A45299ADB4200FD768C /* Preview Assets.xcassets in Resources */ = {isa = PBXBuildFile; fileRef = 50499A44299ADB4200FD768C /* Preview Assets.xcassets */; };
		50499A47299ADB4200FD768C /* Persistence.swift in Sources */ = {isa = PBXBuildFile; fileRef = 50499A46299ADB4200FD768C /* Persistence.swift */; };
		50499A4A299ADB4200FD768C /* Journey.xcdatamodeld in Sources */ = {isa = PBXBuildFile; fileRef = 50499A48299ADB4200FD768C /* Journey.xcdatamodeld */; };
		50499A56299ADC9100FD768C /* Welcome.swift in Sources */ = {isa = PBXBuildFile; fileRef = 50499A55299ADC9100FD768C /* Welcome.swift */; };
		50499A58299AE79100FD768C /* UIScreen+Utilities.swift in Sources */ = {isa = PBXBuildFile; fileRef = 50499A57299AE79100FD768C /* UIScreen+Utilities.swift */; };
		50499A5A299AE8BB00FD768C /* Color+Utilities.swift in Sources */ = {isa = PBXBuildFile; fileRef = 50499A59299AE8BB00FD768C /* Color+Utilities.swift */; };
		50499A5C299AEBFF00FD768C /* WelcomeMessage.swift in Sources */ = {isa = PBXBuildFile; fileRef = 50499A5B299AEBFF00FD768C /* WelcomeMessage.swift */; };
		50499A5F299AFA5000FD768C /* WelcomeShape.swift in Sources */ = {isa = PBXBuildFile; fileRef = 50499A5E299AFA5000FD768C /* WelcomeShape.swift */; };
/* End PBXBuildFile section */

/* Begin PBXFileReference section */
		50499A3A299ADB4200FD768C /* Journey.app */ = {isa = PBXFileReference; explicitFileType = wrapper.application; includeInIndex = 0; path = Journey.app; sourceTree = BUILT_PRODUCTS_DIR; };
		50499A3D299ADB4200FD768C /* JourneyApp.swift */ = {isa = PBXFileReference; lastKnownFileType = sourcecode.swift; path = JourneyApp.swift; sourceTree = "<group>"; };
		50499A3F299ADB4200FD768C /* ContentView.swift */ = {isa = PBXFileReference; lastKnownFileType = sourcecode.swift; path = ContentView.swift; sourceTree = "<group>"; };
		50499A41299ADB4200FD768C /* Assets.xcassets */ = {isa = PBXFileReference; lastKnownFileType = folder.assetcatalog; path = Assets.xcassets; sourceTree = "<group>"; };
		50499A44299ADB4200FD768C /* Preview Assets.xcassets */ = {isa = PBXFileReference; lastKnownFileType = folder.assetcatalog; path = "Preview Assets.xcassets"; sourceTree = "<group>"; };
		50499A46299ADB4200FD768C /* Persistence.swift */ = {isa = PBXFileReference; lastKnownFileType = sourcecode.swift; path = Persistence.swift; sourceTree = "<group>"; };
		50499A49299ADB4200FD768C /* Journey.xcdatamodel */ = {isa = PBXFileReference; lastKnownFileType = wrapper.xcdatamodel; path = Journey.xcdatamodel; sourceTree = "<group>"; };
		50499A4B299ADB4200FD768C /* Info.plist */ = {isa = PBXFileReference; lastKnownFileType = text.plist.xml; path = Info.plist; sourceTree = "<group>"; };
		50499A55299ADC9100FD768C /* Welcome.swift */ = {isa = PBXFileReference; lastKnownFileType = sourcecode.swift; path = Welcome.swift; sourceTree = "<group>"; };
		50499A57299AE79100FD768C /* UIScreen+Utilities.swift */ = {isa = PBXFileReference; lastKnownFileType = sourcecode.swift; path = "UIScreen+Utilities.swift"; sourceTree = "<group>"; };
		50499A59299AE8BB00FD768C /* Color+Utilities.swift */ = {isa = PBXFileReference; lastKnownFileType = sourcecode.swift; path = "Color+Utilities.swift"; sourceTree = "<group>"; };
		50499A5B299AEBFF00FD768C /* WelcomeMessage.swift */ = {isa = PBXFileReference; lastKnownFileType = sourcecode.swift; path = WelcomeMessage.swift; sourceTree = "<group>"; };
		50499A5E299AFA5000FD768C /* WelcomeShape.swift */ = {isa = PBXFileReference; lastKnownFileType = sourcecode.swift; path = WelcomeShape.swift; sourceTree = "<group>"; };
/* End PBXFileReference section */

/* Begin PBXFrameworksBuildPhase section */
		50499A37299ADB4200FD768C /* Frameworks */ = {
			isa = PBXFrameworksBuildPhase;
			buildActionMask = 2147483647;
			files = (
			);
			runOnlyForDeploymentPostprocessing = 0;
		};
/* End PBXFrameworksBuildPhase section */

/* Begin PBXGroup section */
		50499A31299ADB4200FD768C = {
			isa = PBXGroup;
			children = (
				50499A3C299ADB4200FD768C /* Journey */,
				50499A3B299ADB4200FD768C /* Products */,
			);
			sourceTree = "<group>";
		};
		50499A3B299ADB4200FD768C /* Products */ = {
			isa = PBXGroup;
			children = (
				50499A3A299ADB4200FD768C /* Journey.app */,
			);
			name = Products;
			sourceTree = "<group>";
		};
		50499A3C299ADB4200FD768C /* Journey */ = {
			isa = PBXGroup;
			children = (
				50499A5D299AF9F600FD768C /* Shapes */,
				50499A3D299ADB4200FD768C /* JourneyApp.swift */,
				50499A54299ADC6900FD768C /* Extensions */,
				50499A53299ADB8900FD768C /* Managers */,
				50499A52299ADB8100FD768C /* Models */,
				50499A51299ADB7800FD768C /* Views */,
				50499A41299ADB4200FD768C /* Assets.xcassets */,
				50499A46299ADB4200FD768C /* Persistence.swift */,
				50499A4B299ADB4200FD768C /* Info.plist */,
				50499A48299ADB4200FD768C /* Journey.xcdatamodeld */,
				50499A43299ADB4200FD768C /* Preview Content */,
			);
			path = Journey;
			sourceTree = "<group>";
		};
		50499A43299ADB4200FD768C /* Preview Content */ = {
			isa = PBXGroup;
			children = (
				50499A44299ADB4200FD768C /* Preview Assets.xcassets */,
			);
			path = "Preview Content";
			sourceTree = "<group>";
		};
		50499A51299ADB7800FD768C /* Views */ = {
			isa = PBXGroup;
			children = (
				50499A3F299ADB4200FD768C /* ContentView.swift */,
				50499A55299ADC9100FD768C /* Welcome.swift */,
			);
			path = Views;
			sourceTree = "<group>";
		};
		50499A52299ADB8100FD768C /* Models */ = {
			isa = PBXGroup;
			children = (
				50499A5B299AEBFF00FD768C /* WelcomeMessage.swift */,
			);
			path = Models;
			sourceTree = "<group>";
		};
		50499A53299ADB8900FD768C /* Managers */ = {
			isa = PBXGroup;
			children = (
			);
			path = Managers;
			sourceTree = "<group>";
		};
		50499A54299ADC6900FD768C /* Extensions */ = {
			isa = PBXGroup;
			children = (
				50499A57299AE79100FD768C /* UIScreen+Utilities.swift */,
				50499A59299AE8BB00FD768C /* Color+Utilities.swift */,
			);
			path = Extensions;
			sourceTree = "<group>";
		};
		50499A5D299AF9F600FD768C /* Shapes */ = {
			isa = PBXGroup;
			children = (
				50499A5E299AFA5000FD768C /* WelcomeShape.swift */,
			);
			path = Shapes;
			sourceTree = "<group>";
		};
/* End PBXGroup section */

/* Begin PBXNativeTarget section */
		50499A39299ADB4200FD768C /* Journey */ = {
			isa = PBXNativeTarget;
			buildConfigurationList = 50499A4E299ADB4200FD768C /* Build configuration list for PBXNativeTarget "Journey" */;
			buildPhases = (
				50499A36299ADB4200FD768C /* Sources */,
				50499A37299ADB4200FD768C /* Frameworks */,
				50499A38299ADB4200FD768C /* Resources */,
			);
			buildRules = (
			);
			dependencies = (
			);
			name = Journey;
			productName = Journey;
			productReference = 50499A3A299ADB4200FD768C /* Journey.app */;
			productType = "com.apple.product-type.application";
		};
/* End PBXNativeTarget section */

/* Begin PBXProject section */
		50499A32299ADB4200FD768C /* Project object */ = {
			isa = PBXProject;
			attributes = {
				BuildIndependentTargetsInParallel = 1;
				LastSwiftUpdateCheck = 1420;
				LastUpgradeCheck = 1420;
				TargetAttributes = {
					50499A39299ADB4200FD768C = {
						CreatedOnToolsVersion = 14.2;
					};
				};
			};
			buildConfigurationList = 50499A35299ADB4200FD768C /* Build configuration list for PBXProject "Journey" */;
			compatibilityVersion = "Xcode 14.0";
			developmentRegion = en;
			hasScannedForEncodings = 0;
			knownRegions = (
				en,
				Base,
			);
			mainGroup = 50499A31299ADB4200FD768C;
			productRefGroup = 50499A3B299ADB4200FD768C /* Products */;
			projectDirPath = "";
			projectRoot = "";
			targets = (
				50499A39299ADB4200FD768C /* Journey */,
			);
		};
/* End PBXProject section */

/* Begin PBXResourcesBuildPhase section */
		50499A38299ADB4200FD768C /* Resources */ = {
			isa = PBXResourcesBuildPhase;
			buildActionMask = 2147483647;
			files = (
				50499A45299ADB4200FD768C /* Preview Assets.xcassets in Resources */,
				50499A42299ADB4200FD768C /* Assets.xcassets in Resources */,
			);
			runOnlyForDeploymentPostprocessing = 0;
		};
/* End PBXResourcesBuildPhase section */

/* Begin PBXSourcesBuildPhase section */
		50499A36299ADB4200FD768C /* Sources */ = {
			isa = PBXSourcesBuildPhase;
			buildActionMask = 2147483647;
			files = (
				50499A5C299AEBFF00FD768C /* WelcomeMessage.swift in Sources */,
				50499A4A299ADB4200FD768C /* Journey.xcdatamodeld in Sources */,
				50499A5F299AFA5000FD768C /* WelcomeShape.swift in Sources */,
				50499A56299ADC9100FD768C /* Welcome.swift in Sources */,
				50499A58299AE79100FD768C /* UIScreen+Utilities.swift in Sources */,
				50499A47299ADB4200FD768C /* Persistence.swift in Sources */,
				50499A5A299AE8BB00FD768C /* Color+Utilities.swift in Sources */,
				50499A40299ADB4200FD768C /* ContentView.swift in Sources */,
				50499A3E299ADB4200FD768C /* JourneyApp.swift in Sources */,
			);
			runOnlyForDeploymentPostprocessing = 0;
		};
/* End PBXSourcesBuildPhase section */

/* Begin XCBuildConfiguration section */
		50499A4C299ADB4200FD768C /* Debug */ = {
			isa = XCBuildConfiguration;
			buildSettings = {
				ALWAYS_SEARCH_USER_PATHS = NO;
				CLANG_ANALYZER_NONNULL = YES;
				CLANG_ANALYZER_NUMBER_OBJECT_CONVERSION = YES_AGGRESSIVE;
				CLANG_CXX_LANGUAGE_STANDARD = "gnu++20";
				CLANG_ENABLE_MODULES = YES;
				CLANG_ENABLE_OBJC_ARC = YES;
				CLANG_ENABLE_OBJC_WEAK = YES;
				CLANG_WARN_BLOCK_CAPTURE_AUTORELEASING = YES;
				CLANG_WARN_BOOL_CONVERSION = YES;
				CLANG_WARN_COMMA = YES;
				CLANG_WARN_CONSTANT_CONVERSION = YES;
				CLANG_WARN_DEPRECATED_OBJC_IMPLEMENTATIONS = YES;
				CLANG_WARN_DIRECT_OBJC_ISA_USAGE = YES_ERROR;
				CLANG_WARN_DOCUMENTATION_COMMENTS = YES;
				CLANG_WARN_EMPTY_BODY = YES;
				CLANG_WARN_ENUM_CONVERSION = YES;
				CLANG_WARN_INFINITE_RECURSION = YES;
				CLANG_WARN_INT_CONVERSION = YES;
				CLANG_WARN_NON_LITERAL_NULL_CONVERSION = YES;
				CLANG_WARN_OBJC_IMPLICIT_RETAIN_SELF = YES;
				CLANG_WARN_OBJC_LITERAL_CONVERSION = YES;
				CLANG_WARN_OBJC_ROOT_CLASS = YES_ERROR;
				CLANG_WARN_QUOTED_INCLUDE_IN_FRAMEWORK_HEADER = YES;
				CLANG_WARN_RANGE_LOOP_ANALYSIS = YES;
				CLANG_WARN_STRICT_PROTOTYPES = YES;
				CLANG_WARN_SUSPICIOUS_MOVE = YES;
				CLANG_WARN_UNGUARDED_AVAILABILITY = YES_AGGRESSIVE;
				CLANG_WARN_UNREACHABLE_CODE = YES;
				CLANG_WARN__DUPLICATE_METHOD_MATCH = YES;
				COPY_PHASE_STRIP = NO;
				DEBUG_INFORMATION_FORMAT = dwarf;
				ENABLE_STRICT_OBJC_MSGSEND = YES;
				ENABLE_TESTABILITY = YES;
				GCC_C_LANGUAGE_STANDARD = gnu11;
				GCC_DYNAMIC_NO_PIC = NO;
				GCC_NO_COMMON_BLOCKS = YES;
				GCC_OPTIMIZATION_LEVEL = 0;
				GCC_PREPROCESSOR_DEFINITIONS = (
					"DEBUG=1",
					"$(inherited)",
				);
				GCC_WARN_64_TO_32_BIT_CONVERSION = YES;
				GCC_WARN_ABOUT_RETURN_TYPE = YES_ERROR;
				GCC_WARN_UNDECLARED_SELECTOR = YES;
				GCC_WARN_UNINITIALIZED_AUTOS = YES_AGGRESSIVE;
				GCC_WARN_UNUSED_FUNCTION = YES;
				GCC_WARN_UNUSED_VARIABLE = YES;
				IPHONEOS_DEPLOYMENT_TARGET = 16.2;
				MTL_ENABLE_DEBUG_INFO = INCLUDE_SOURCE;
				MTL_FAST_MATH = YES;
				ONLY_ACTIVE_ARCH = YES;
				SDKROOT = iphoneos;
				SWIFT_ACTIVE_COMPILATION_CONDITIONS = DEBUG;
				SWIFT_OPTIMIZATION_LEVEL = "-Onone";
			};
			name = Debug;
		};
		50499A4D299ADB4200FD768C /* Release */ = {
			isa = XCBuildConfiguration;
			buildSettings = {
				ALWAYS_SEARCH_USER_PATHS = NO;
				CLANG_ANALYZER_NONNULL = YES;
				CLANG_ANALYZER_NUMBER_OBJECT_CONVERSION = YES_AGGRESSIVE;
				CLANG_CXX_LANGUAGE_STANDARD = "gnu++20";
				CLANG_ENABLE_MODULES = YES;
				CLANG_ENABLE_OBJC_ARC = YES;
				CLANG_ENABLE_OBJC_WEAK = YES;
				CLANG_WARN_BLOCK_CAPTURE_AUTORELEASING = YES;
				CLANG_WARN_BOOL_CONVERSION = YES;
				CLANG_WARN_COMMA = YES;
				CLANG_WARN_CONSTANT_CONVERSION = YES;
				CLANG_WARN_DEPRECATED_OBJC_IMPLEMENTATIONS = YES;
				CLANG_WARN_DIRECT_OBJC_ISA_USAGE = YES_ERROR;
				CLANG_WARN_DOCUMENTATION_COMMENTS = YES;
				CLANG_WARN_EMPTY_BODY = YES;
				CLANG_WARN_ENUM_CONVERSION = YES;
				CLANG_WARN_INFINITE_RECURSION = YES;
				CLANG_WARN_INT_CONVERSION = YES;
				CLANG_WARN_NON_LITERAL_NULL_CONVERSION = YES;
				CLANG_WARN_OBJC_IMPLICIT_RETAIN_SELF = YES;
				CLANG_WARN_OBJC_LITERAL_CONVERSION = YES;
				CLANG_WARN_OBJC_ROOT_CLASS = YES_ERROR;
				CLANG_WARN_QUOTED_INCLUDE_IN_FRAMEWORK_HEADER = YES;
				CLANG_WARN_RANGE_LOOP_ANALYSIS = YES;
				CLANG_WARN_STRICT_PROTOTYPES = YES;
				CLANG_WARN_SUSPICIOUS_MOVE = YES;
				CLANG_WARN_UNGUARDED_AVAILABILITY = YES_AGGRESSIVE;
				CLANG_WARN_UNREACHABLE_CODE = YES;
				CLANG_WARN__DUPLICATE_METHOD_MATCH = YES;
				COPY_PHASE_STRIP = NO;
				DEBUG_INFORMATION_FORMAT = "dwarf-with-dsym";
				ENABLE_NS_ASSERTIONS = NO;
				ENABLE_STRICT_OBJC_MSGSEND = YES;
				GCC_C_LANGUAGE_STANDARD = gnu11;
				GCC_NO_COMMON_BLOCKS = YES;
				GCC_WARN_64_TO_32_BIT_CONVERSION = YES;
				GCC_WARN_ABOUT_RETURN_TYPE = YES_ERROR;
				GCC_WARN_UNDECLARED_SELECTOR = YES;
				GCC_WARN_UNINITIALIZED_AUTOS = YES_AGGRESSIVE;
				GCC_WARN_UNUSED_FUNCTION = YES;
				GCC_WARN_UNUSED_VARIABLE = YES;
				IPHONEOS_DEPLOYMENT_TARGET = 16.2;
				MTL_ENABLE_DEBUG_INFO = NO;
				MTL_FAST_MATH = YES;
				SDKROOT = iphoneos;
				SWIFT_COMPILATION_MODE = wholemodule;
				SWIFT_OPTIMIZATION_LEVEL = "-O";
				VALIDATE_PRODUCT = YES;
			};
			name = Release;
		};
		50499A4F299ADB4200FD768C /* Debug */ = {
			isa = XCBuildConfiguration;
			buildSettings = {
				ASSETCATALOG_COMPILER_APPICON_NAME = AppIcon;
				ASSETCATALOG_COMPILER_GLOBAL_ACCENT_COLOR_NAME = AccentColor;
				CODE_SIGN_STYLE = Automatic;
				CURRENT_PROJECT_VERSION = 1;
				DEVELOPMENT_ASSET_PATHS = "\"Journey/Preview Content\"";
				DEVELOPMENT_TEAM = W59W3QVKXJ;
				ENABLE_PREVIEWS = YES;
				GENERATE_INFOPLIST_FILE = YES;
				INFOPLIST_KEY_UIApplicationSceneManifest_Generation = YES;
				INFOPLIST_KEY_UIApplicationSupportsIndirectInputEvents = YES;
				INFOPLIST_KEY_UILaunchScreen_Generation = YES;
				INFOPLIST_KEY_UISupportedInterfaceOrientations_iPad = "UIInterfaceOrientationPortrait UIInterfaceOrientationPortraitUpsideDown UIInterfaceOrientationLandscapeLeft UIInterfaceOrientationLandscapeRight";
				INFOPLIST_KEY_UISupportedInterfaceOrientations_iPhone = "UIInterfaceOrientationPortrait UIInterfaceOrientationLandscapeLeft UIInterfaceOrientationLandscapeRight";
				LD_RUNPATH_SEARCH_PATHS = (
					"$(inherited)",
					"@executable_path/Frameworks",
				);
				MARKETING_VERSION = 1.0;
				PRODUCT_BUNDLE_IDENTIFIER = com.mtndev.Journey;
				PRODUCT_NAME = "$(TARGET_NAME)";
				SWIFT_EMIT_LOC_STRINGS = YES;
				SWIFT_VERSION = 5.0;
				TARGETED_DEVICE_FAMILY = "1,2";
			};
			name = Debug;
		};
		50499A50299ADB4200FD768C /* Release */ = {
			isa = XCBuildConfiguration;
			buildSettings = {
				ASSETCATALOG_COMPILER_APPICON_NAME = AppIcon;
				ASSETCATALOG_COMPILER_GLOBAL_ACCENT_COLOR_NAME = AccentColor;
				CODE_SIGN_STYLE = Automatic;
				CURRENT_PROJECT_VERSION = 1;
				DEVELOPMENT_ASSET_PATHS = "\"Journey/Preview Content\"";
				DEVELOPMENT_TEAM = W59W3QVKXJ;
				ENABLE_PREVIEWS = YES;
				GENERATE_INFOPLIST_FILE = YES;
				INFOPLIST_KEY_UIApplicationSceneManifest_Generation = YES;
				INFOPLIST_KEY_UIApplicationSupportsIndirectInputEvents = YES;
				INFOPLIST_KEY_UILaunchScreen_Generation = YES;
				INFOPLIST_KEY_UISupportedInterfaceOrientations_iPad = "UIInterfaceOrientationPortrait UIInterfaceOrientationPortraitUpsideDown UIInterfaceOrientationLandscapeLeft UIInterfaceOrientationLandscapeRight";
				INFOPLIST_KEY_UISupportedInterfaceOrientations_iPhone = "UIInterfaceOrientationPortrait UIInterfaceOrientationLandscapeLeft UIInterfaceOrientationLandscapeRight";
				LD_RUNPATH_SEARCH_PATHS = (
					"$(inherited)",
					"@executable_path/Frameworks",
				);
				MARKETING_VERSION = 1.0;
				PRODUCT_BUNDLE_IDENTIFIER = com.mtndev.Journey;
				PRODUCT_NAME = "$(TARGET_NAME)";
				SWIFT_EMIT_LOC_STRINGS = YES;
				SWIFT_VERSION = 5.0;
				TARGETED_DEVICE_FAMILY = "1,2";
			};
			name = Release;
		};
/* End XCBuildConfiguration section */

/* Begin XCConfigurationList section */
		50499A35299ADB4200FD768C /* Build configuration list for PBXProject "Journey" */ = {
			isa = XCConfigurationList;
			buildConfigurations = (
				50499A4C299ADB4200FD768C /* Debug */,
				50499A4D299ADB4200FD768C /* Release */,
			);
			defaultConfigurationIsVisible = 0;
			defaultConfigurationName = Release;
		};
		50499A4E299ADB4200FD768C /* Build configuration list for PBXNativeTarget "Journey" */ = {
			isa = XCConfigurationList;
			buildConfigurations = (
				50499A4F299ADB4200FD768C /* Debug */,
				50499A50299ADB4200FD768C /* Release */,
			);
			defaultConfigurationIsVisible = 0;
			defaultConfigurationName = Release;
		};
/* End XCConfigurationList section */

/* Begin XCVersionGroup section */
		50499A48299ADB4200FD768C /* Journey.xcdatamodeld */ = {
			isa = XCVersionGroup;
			children = (
				50499A49299ADB4200FD768C /* Journey.xcdatamodel */,
			);
			currentVersion = 50499A49299ADB4200FD768C /* Journey.xcdatamodel */;
			path = Journey.xcdatamodeld;
			sourceTree = "<group>";
			versionGroupType = wrapper.xcdatamodel;
		};
/* End XCVersionGroup section */
	};
	rootObject = 50499A32299ADB4200FD768C /* Project object */;
}
